
Microsoft Visual Studio Solution File, Format Version 12.00
# Visual Studio Version 17
VisualStudioVersion = 17.9.34622.214
MinimumVisualStudioVersion = 10.0.40219.1
Project("{FAE04EC0-301F-11D3-BF4B-00C04F79EFBC}") = "DonaldElevator", "DonaldElevator\DonaldElevator.csproj", "{809EA0DE-C152-4237-84F9-2A3C4E5765CD}"
EndProject
Project("{FAE04EC0-301F-11D3-BF4B-00C04F79EFBC}") = "Elevator", "Elevator\Elevator.csproj", "{56D828D6-9CB8-47B0-AEA7-2D12FAFFA467}"
EndProject
Project("{FAE04EC0-301F-11D3-BF4B-00C04F79EFBC}") = "ElevatorTest", "ElevatorTest\ElevatorTest.csproj", "{77AF7EF7-7166-4843-802F-A79B64070F72}"
EndProject
Global
	GlobalSection(SolutionConfigurationPlatforms) = preSolution
		Debug|Any CPU = Debug|Any CPU
		Release|Any CPU = Release|Any CPU
	EndGlobalSection
	GlobalSection(ProjectConfigurationPlatforms) = postSolution
		{809EA0DE-C152-4237-84F9-2A3C4E5765CD}.Debug|Any CPU.ActiveCfg = Debug|Any CPU
		{809EA0DE-C152-4237-84F9-2A3C4E5765CD}.Debug|Any CPU.Build.0 = Debug|Any CPU
		{809EA0DE-C152-4237-84F9-2A3C4E5765CD}.Release|Any CPU.ActiveCfg = Release|Any CPU
		{809EA0DE-C152-4237-84F9-2A3C4E5765CD}.Release|Any CPU.Build.0 = Release|Any CPU
		{56D828D6-9CB8-47B0-AEA7-2D12FAFFA467}.Debug|Any CPU.ActiveCfg = Debug|Any CPU
		{56D828D6-9CB8-47B0-AEA7-2D12FAFFA467}.Debug|Any CPU.Build.0 = Debug|Any CPU
		{56D828D6-9CB8-47B0-AEA7-2D12FAFFA467}.Release|Any CPU.ActiveCfg = Release|Any CPU
		{56D828D6-9CB8-47B0-AEA7-2D12FAFFA467}.Release|Any CPU.Build.0 = Release|Any CPU
		{77AF7EF7-7166-4843-802F-A79B64070F72}.Debug|Any CPU.ActiveCfg = Debug|Any CPU
		{77AF7EF7-7166-4843-802F-A79B64070F72}.Debug|Any CPU.Build.0 = Debug|Any CPU
		{77AF7EF7-7166-4843-802F-A79B64070F72}.Release|Any CPU.ActiveCfg = Release|Any CPU
		{77AF7EF7-7166-4843-802F-A79B64070F72}.Release|Any CPU.Build.0 = Release|Any CPU
	EndGlobalSection
	GlobalSection(SolutionProperties) = preSolution
		HideSolutionNode = FALSE
	EndGlobalSection
	GlobalSection(ExtensibilityGlobals) = postSolution
		SolutionGuid = {5C5EB510-8618-4810-B279-45404350C8A3}
	EndGlobalSection
EndGlobal
